// !$*UTF8*$!
{
	archiveVersion = 1;
	classes = {
	};
	objectVersion = 50;
	objects = {

/* Begin PBXBuildFile section */
		394EC206249921C700AA2D47 /* 55_跳跃游戏.swift in Sources */ = {isa = PBXBuildFile; fileRef = 394EC205249921C700AA2D47 /* 55_跳跃游戏.swift */; };
		BD03484C2484A54E00FC3711 /* 100_相同的树.swift in Sources */ = {isa = PBXBuildFile; fileRef = BD03484B2484A54E00FC3711 /* 100_相同的树.swift */; };
		BD03484E2484D16800FC3711 /* 101_对称二叉树.swift in Sources */ = {isa = PBXBuildFile; fileRef = BD03484D2484D16800FC3711 /* 101_对称二叉树.swift */; };
		BD0348502484D92100FC3711 /* 226_翻转二叉树.swift in Sources */ = {isa = PBXBuildFile; fileRef = BD03484F2484D92100FC3711 /* 226_翻转二叉树.swift */; };
		BD0348522484D94000FC3711 /* 257_二叉树的所有路径.swift in Sources */ = {isa = PBXBuildFile; fileRef = BD0348512484D94000FC3711 /* 257_二叉树的所有路径.swift */; };
		BD0348542484D96300FC3711 /* 112_路径总和.swift in Sources */ = {isa = PBXBuildFile; fileRef = BD0348532484D96300FC3711 /* 112_路径总和.swift */; };
		BD0348562484D98200FC3711 /* 113_路径总和II.swift in Sources */ = {isa = PBXBuildFile; fileRef = BD0348552484D98200FC3711 /* 113_路径总和II.swift */; };
		BD0AF15C24AE3DD4001A659E /* 605_种花问题.swift in Sources */ = {isa = PBXBuildFile; fileRef = BD0AF15B24AE3DD4001A659E /* 605_种花问题.swift */; };
		BD0AF16224C9E61C001A659E /* 139_单词拆分.swift in Sources */ = {isa = PBXBuildFile; fileRef = BD0AF16124C9E61C001A659E /* 139_单词拆分.swift */; };
		BD0AF16424C9F4B2001A659E /* 215_数组中的第K个最大元素.swift in Sources */ = {isa = PBXBuildFile; fileRef = BD0AF16324C9F4B2001A659E /* 215_数组中的第K个最大元素.swift */; };
		BD14DA0923CEFE5B006B0295 /* 277_搜寻名人.swift in Sources */ = {isa = PBXBuildFile; fileRef = BD14DA0823CEFE5A006B0295 /* 277_搜寻名人.swift */; };
		BD14DA0B23CEFE93006B0295 /* 299_猜数字游戏.swift in Sources */ = {isa = PBXBuildFile; fileRef = BD14DA0A23CEFE93006B0295 /* 299_猜数字游戏.swift */; };
		BD14DA1023D088E5006B0295 /* 134_加油站.swift in Sources */ = {isa = PBXBuildFile; fileRef = BD14DA0F23D088E5006B0295 /* 134_加油站.swift */; };
		BD3A467923C62ACD00C4575D /* 03_无重复字符的最长字串.swift in Sources */ = {isa = PBXBuildFile; fileRef = BD3A467823C62ACD00C4575D /* 03_无重复字符的最长字串.swift */; };
		BD3A467B23C7902E00C4575D /* 05_最长回文子串.swift in Sources */ = {isa = PBXBuildFile; fileRef = BD3A467A23C7902E00C4575D /* 05_最长回文子串.swift */; };
		BD3A468F23C8EFED00C4575D /* 27_移除元素.swift in Sources */ = {isa = PBXBuildFile; fileRef = BD3A468E23C8EFED00C4575D /* 27_移除元素.swift */; };
		BD3A469123CA1E0A00C4575D /* 26_删除排序数组中的重复项.swift in Sources */ = {isa = PBXBuildFile; fileRef = BD3A469023CA1E0A00C4575D /* 26_删除排序数组中的重复项.swift */; };
		BD3A469323CA26C600C4575D /* 80_删除排序数组中的重复项2.swift in Sources */ = {isa = PBXBuildFile; fileRef = BD3A469223CA26C600C4575D /* 80_删除排序数组中的重复项2.swift */; };
		BD3A469523CA2A5000C4575D /* 189_旋转数组.swift in Sources */ = {isa = PBXBuildFile; fileRef = BD3A469423CA2A5000C4575D /* 189_旋转数组.swift */; };
		BD3FE4A524753F420011DA43 /* 92_反转链表2.swift in Sources */ = {isa = PBXBuildFile; fileRef = BD3FE4A424753F420011DA43 /* 92_反转链表2.swift */; };
		BD3FE4C8247BB18B0011DA43 /* 144_二叉树的前序遍历.swift in Sources */ = {isa = PBXBuildFile; fileRef = BD3FE4C7247BB18B0011DA43 /* 144_二叉树的前序遍历.swift */; };
		BD3FE4CA247BB1CF0011DA43 /* 94_二叉树的中序遍历.swift in Sources */ = {isa = PBXBuildFile; fileRef = BD3FE4C9247BB1CF0011DA43 /* 94_二叉树的中序遍历.swift */; };
		BD3FE4CC247BB1FF0011DA43 /* 145_二叉树的后序遍历.swift in Sources */ = {isa = PBXBuildFile; fileRef = BD3FE4CB247BB1FF0011DA43 /* 145_二叉树的后序遍历.swift */; };
		BD3FE4CE247BD0670011DA43 /* 102_二叉树的层序遍历.swift in Sources */ = {isa = PBXBuildFile; fileRef = BD3FE4CD247BD0670011DA43 /* 102_二叉树的层序遍历.swift */; };
		BD44239A23D6A85200D9754B /* 119_杨辉三角2.swift in Sources */ = {isa = PBXBuildFile; fileRef = BD44239923D6A85200D9754B /* 119_杨辉三角2.swift */; };
		BD48AEA323BE51360023D694 /* main.swift in Sources */ = {isa = PBXBuildFile; fileRef = BD48AEA223BE51360023D694 /* main.swift */; };
		BD4F04A5246ACEFA002D6929 /* 24_两两交换链表中的节点.swift in Sources */ = {isa = PBXBuildFile; fileRef = BD4F04A4246ACEFA002D6929 /* 24_两两交换链表中的节点.swift */; };
		BD676E4C23D6988E004DC147 /* 118_杨辉三角.swift in Sources */ = {isa = PBXBuildFile; fileRef = BD676E4B23D6988E004DC147 /* 118_杨辉三角.swift */; };
		BD6F81F02475394A005AF4F4 /* 328_奇偶链表.swift in Sources */ = {isa = PBXBuildFile; fileRef = BD6F81EF2475394A005AF4F4 /* 328_奇偶链表.swift */; };
		BD95758B24643C80000B4BFB /* 278_第一个错误的版本.swift in Sources */ = {isa = PBXBuildFile; fileRef = BD95758A24643C80000B4BFB /* 278_第一个错误的版本.swift */; };
		BD9D812C23C4E27100338420 /* 01_两数之和.swift in Sources */ = {isa = PBXBuildFile; fileRef = BD9D812B23C4E27100338420 /* 01_两数之和.swift */; };
		BD9D812E23C4E7FA00338420 /* 02_两数相加.swift in Sources */ = {isa = PBXBuildFile; fileRef = BD9D812D23C4E7FA00338420 /* 02_两数相加.swift */; };
		BDA11AD824B4502700204E19 /* 198_打家劫舍.swift in Sources */ = {isa = PBXBuildFile; fileRef = BDA11AD724B4502700204E19 /* 198_打家劫舍.swift */; };
		BDA11ADC24B45ABF00204E19 /* 300_最长上升子序列.swift in Sources */ = {isa = PBXBuildFile; fileRef = BDA11ADB24B45ABF00204E19 /* 300_最长上升子序列.swift */; };
		BDA11AE024B6C0DB00204E19 /* 70_爬楼梯.swift in Sources */ = {isa = PBXBuildFile; fileRef = BDA11ADF24B6C0DB00204E19 /* 70_爬楼梯.swift */; };
		BDA11AE224B6F1FE00204E19 /* 64_最小路径和.swift in Sources */ = {isa = PBXBuildFile; fileRef = BDA11AE124B6F1FE00204E19 /* 64_最小路径和.swift */; };
		BDADE4B5246447B30041BE4A /* 35_搜索插入装置.swift in Sources */ = {isa = PBXBuildFile; fileRef = BDADE4B4246447B30041BE4A /* 35_搜索插入装置.swift */; };
		BDADE4B72465098A0041BE4A /* 33_搜索旋转数组.swift in Sources */ = {isa = PBXBuildFile; fileRef = BDADE4B62465098A0041BE4A /* 33_搜索旋转数组.swift */; };
		BDE321A62469744100AA7A7B /* 206_反转链表.swift in Sources */ = {isa = PBXBuildFile; fileRef = BDE321A52469744100AA7A7B /* 206_反转链表.swift */; };
		BDE321A8246A3A0C00AA7A7B /* 141_环形链表.swift in Sources */ = {isa = PBXBuildFile; fileRef = BDE321A7246A3A0C00AA7A7B /* 141_环形链表.swift */; };
		BDEFB9AE23CD73DC006D40DE /* 41_缺失的第一个正数.swift in Sources */ = {isa = PBXBuildFile; fileRef = BDEFB9AD23CD73DC006D40DE /* 41_缺失的第一个正数.swift */; };
		BDF7782C246580870038C420 /* 81_搜索旋转排序数组2.swift in Sources */ = {isa = PBXBuildFile; fileRef = BDF7782B246580870038C420 /* 81_搜索旋转排序数组2.swift */; };
		BDF7782E2465860D0038C420 /* 153_搜索旋转排序数组中的最小值.swift in Sources */ = {isa = PBXBuildFile; fileRef = BDF7782D2465860D0038C420 /* 153_搜索旋转排序数组中的最小值.swift */; };
		BDF7EFC9249B8AE300E03D0A /* 287_寻找重复数.swift in Sources */ = {isa = PBXBuildFile; fileRef = BDF7EFC8249B8AE300E03D0A /* 287_寻找重复数.swift */; };
		BDF7EFCB249B9BA900E03D0A /* 56_合并区间.swift in Sources */ = {isa = PBXBuildFile; fileRef = BDF7EFCA249B9BA900E03D0A /* 56_合并区间.swift */; };
		BDF97C9F24894E2B001E9F08 /* Tree.swift in Sources */ = {isa = PBXBuildFile; fileRef = BDF97C9E24894E2B001E9F08 /* Tree.swift */; };
		BDF97CA1248A6133001E9F08 /* 16_最接近的三数之和.swift in Sources */ = {isa = PBXBuildFile; fileRef = BDF97CA0248A6133001E9F08 /* 16_最接近的三数之和.swift */; };
		BDF97CA5248A61EE001E9F08 /* 53_最大子序和.swift in Sources */ = {isa = PBXBuildFile; fileRef = BDF97CA4248A61EE001E9F08 /* 53_最大子序和.swift */; };
/* End PBXBuildFile section */

/* Begin PBXCopyFilesBuildPhase section */
		BD48AE9D23BE51360023D694 /* CopyFiles */ = {
			isa = PBXCopyFilesBuildPhase;
			buildActionMask = 2147483647;
			dstPath = /usr/share/man/man1/;
			dstSubfolderSpec = 0;
			files = (
			);
			runOnlyForDeploymentPostprocessing = 1;
		};
/* End PBXCopyFilesBuildPhase section */

/* Begin PBXFileReference section */
		394EC205249921C700AA2D47 /* 55_跳跃游戏.swift */ = {isa = PBXFileReference; lastKnownFileType = sourcecode.swift; path = "55_跳跃游戏.swift"; sourceTree = "<group>"; };
		BD03484B2484A54E00FC3711 /* 100_相同的树.swift */ = {isa = PBXFileReference; lastKnownFileType = sourcecode.swift; path = "100_相同的树.swift"; sourceTree = "<group>"; };
		BD03484D2484D16800FC3711 /* 101_对称二叉树.swift */ = {isa = PBXFileReference; lastKnownFileType = sourcecode.swift; path = "101_对称二叉树.swift"; sourceTree = "<group>"; };
		BD03484F2484D92100FC3711 /* 226_翻转二叉树.swift */ = {isa = PBXFileReference; lastKnownFileType = sourcecode.swift; path = "226_翻转二叉树.swift"; sourceTree = "<group>"; };
		BD0348512484D94000FC3711 /* 257_二叉树的所有路径.swift */ = {isa = PBXFileReference; lastKnownFileType = sourcecode.swift; path = "257_二叉树的所有路径.swift"; sourceTree = "<group>"; };
		BD0348532484D96300FC3711 /* 112_路径总和.swift */ = {isa = PBXFileReference; lastKnownFileType = sourcecode.swift; path = "112_路径总和.swift"; sourceTree = "<group>"; };
		BD0348552484D98200FC3711 /* 113_路径总和II.swift */ = {isa = PBXFileReference; lastKnownFileType = sourcecode.swift; path = "113_路径总和II.swift"; sourceTree = "<group>"; };
		BD0AF15B24AE3DD4001A659E /* 605_种花问题.swift */ = {isa = PBXFileReference; lastKnownFileType = sourcecode.swift; path = "605_种花问题.swift"; sourceTree = "<group>"; };
		BD0AF16124C9E61C001A659E /* 139_单词拆分.swift */ = {isa = PBXFileReference; lastKnownFileType = sourcecode.swift; path = "139_单词拆分.swift"; sourceTree = "<group>"; };
		BD0AF16324C9F4B2001A659E /* 215_数组中的第K个最大元素.swift */ = {isa = PBXFileReference; lastKnownFileType = sourcecode.swift; path = "215_数组中的第K个最大元素.swift"; sourceTree = "<group>"; };
		BD14DA0823CEFE5A006B0295 /* 277_搜寻名人.swift */ = {isa = PBXFileReference; fileEncoding = 4; lastKnownFileType = sourcecode.swift; path = "277_搜寻名人.swift"; sourceTree = "<group>"; };
		BD14DA0A23CEFE93006B0295 /* 299_猜数字游戏.swift */ = {isa = PBXFileReference; lastKnownFileType = sourcecode.swift; path = "299_猜数字游戏.swift"; sourceTree = "<group>"; };
		BD14DA0F23D088E5006B0295 /* 134_加油站.swift */ = {isa = PBXFileReference; lastKnownFileType = sourcecode.swift; path = "134_加油站.swift"; sourceTree = "<group>"; };
		BD3A467823C62ACD00C4575D /* 03_无重复字符的最长字串.swift */ = {isa = PBXFileReference; lastKnownFileType = sourcecode.swift; path = "03_无重复字符的最长字串.swift"; sourceTree = "<group>"; };
		BD3A467A23C7902E00C4575D /* 05_最长回文子串.swift */ = {isa = PBXFileReference; lastKnownFileType = sourcecode.swift; path = "05_最长回文子串.swift"; sourceTree = "<group>"; };
		BD3A468E23C8EFED00C4575D /* 27_移除元素.swift */ = {isa = PBXFileReference; lastKnownFileType = sourcecode.swift; path = "27_移除元素.swift"; sourceTree = "<group>"; };
		BD3A469023CA1E0A00C4575D /* 26_删除排序数组中的重复项.swift */ = {isa = PBXFileReference; lastKnownFileType = sourcecode.swift; path = "26_删除排序数组中的重复项.swift"; sourceTree = "<group>"; };
		BD3A469223CA26C600C4575D /* 80_删除排序数组中的重复项2.swift */ = {isa = PBXFileReference; lastKnownFileType = sourcecode.swift; path = "80_删除排序数组中的重复项2.swift"; sourceTree = "<group>"; };
		BD3A469423CA2A5000C4575D /* 189_旋转数组.swift */ = {isa = PBXFileReference; lastKnownFileType = sourcecode.swift; path = "189_旋转数组.swift"; sourceTree = "<group>"; };
		BD3FE4A424753F420011DA43 /* 92_反转链表2.swift */ = {isa = PBXFileReference; fileEncoding = 4; lastKnownFileType = sourcecode.swift; path = "92_反转链表2.swift"; sourceTree = "<group>"; };
		BD3FE4C7247BB18B0011DA43 /* 144_二叉树的前序遍历.swift */ = {isa = PBXFileReference; lastKnownFileType = sourcecode.swift; path = "144_二叉树的前序遍历.swift"; sourceTree = "<group>"; };
		BD3FE4C9247BB1CF0011DA43 /* 94_二叉树的中序遍历.swift */ = {isa = PBXFileReference; lastKnownFileType = sourcecode.swift; path = "94_二叉树的中序遍历.swift"; sourceTree = "<group>"; };
		BD3FE4CB247BB1FF0011DA43 /* 145_二叉树的后序遍历.swift */ = {isa = PBXFileReference; lastKnownFileType = sourcecode.swift; path = "145_二叉树的后序遍历.swift"; sourceTree = "<group>"; };
		BD3FE4CD247BD0670011DA43 /* 102_二叉树的层序遍历.swift */ = {isa = PBXFileReference; lastKnownFileType = sourcecode.swift; path = "102_二叉树的层序遍历.swift"; sourceTree = "<group>"; };
		BD44239923D6A85200D9754B /* 119_杨辉三角2.swift */ = {isa = PBXFileReference; fileEncoding = 4; lastKnownFileType = sourcecode.swift; path = "119_杨辉三角2.swift"; sourceTree = "<group>"; };
		BD48AE9F23BE51360023D694 /* algorithm.swift */ = {isa = PBXFileReference; explicitFileType = "compiled.mach-o.executable"; includeInIndex = 0; path = algorithm.swift; sourceTree = BUILT_PRODUCTS_DIR; };
		BD48AEA223BE51360023D694 /* main.swift */ = {isa = PBXFileReference; lastKnownFileType = sourcecode.swift; path = main.swift; sourceTree = "<group>"; };
		BD48AEA923BE51C80023D694 /* 编码技巧.md */ = {isa = PBXFileReference; lastKnownFileType = net.daringfireball.markdown; path = "编码技巧.md"; sourceTree = "<group>"; };
		BD4F04A4246ACEFA002D6929 /* 24_两两交换链表中的节点.swift */ = {isa = PBXFileReference; lastKnownFileType = sourcecode.swift; path = "24_两两交换链表中的节点.swift"; sourceTree = "<group>"; };
		BD676E4B23D6988E004DC147 /* 118_杨辉三角.swift */ = {isa = PBXFileReference; lastKnownFileType = sourcecode.swift; path = "118_杨辉三角.swift"; sourceTree = "<group>"; };
		BD6F81EF2475394A005AF4F4 /* 328_奇偶链表.swift */ = {isa = PBXFileReference; lastKnownFileType = sourcecode.swift; path = "328_奇偶链表.swift"; sourceTree = "<group>"; };
		BD95758A24643C80000B4BFB /* 278_第一个错误的版本.swift */ = {isa = PBXFileReference; fileEncoding = 4; lastKnownFileType = sourcecode.swift; path = "278_第一个错误的版本.swift"; sourceTree = "<group>"; };
		BD9D812B23C4E27100338420 /* 01_两数之和.swift */ = {isa = PBXFileReference; lastKnownFileType = sourcecode.swift; path = "01_两数之和.swift"; sourceTree = "<group>"; };
		BD9D812D23C4E7FA00338420 /* 02_两数相加.swift */ = {isa = PBXFileReference; lastKnownFileType = sourcecode.swift; path = "02_两数相加.swift"; sourceTree = "<group>"; };
		BDA11AD724B4502700204E19 /* 198_打家劫舍.swift */ = {isa = PBXFileReference; lastKnownFileType = sourcecode.swift; path = "198_打家劫舍.swift"; sourceTree = "<group>"; };
		BDA11ADB24B45ABF00204E19 /* 300_最长上升子序列.swift */ = {isa = PBXFileReference; lastKnownFileType = sourcecode.swift; path = "300_最长上升子序列.swift"; sourceTree = "<group>"; };
		BDA11ADF24B6C0DB00204E19 /* 70_爬楼梯.swift */ = {isa = PBXFileReference; lastKnownFileType = sourcecode.swift; path = "70_爬楼梯.swift"; sourceTree = "<group>"; };
		BDA11AE124B6F1FE00204E19 /* 64_最小路径和.swift */ = {isa = PBXFileReference; lastKnownFileType = sourcecode.swift; path = "64_最小路径和.swift"; sourceTree = "<group>"; };
		BDADE4B4246447B30041BE4A /* 35_搜索插入装置.swift */ = {isa = PBXFileReference; fileEncoding = 4; lastKnownFileType = sourcecode.swift; path = "35_搜索插入装置.swift"; sourceTree = "<group>"; };
		BDADE4B62465098A0041BE4A /* 33_搜索旋转数组.swift */ = {isa = PBXFileReference; lastKnownFileType = sourcecode.swift; path = "33_搜索旋转数组.swift"; sourceTree = "<group>"; };
		BDE321A52469744100AA7A7B /* 206_反转链表.swift */ = {isa = PBXFileReference; fileEncoding = 4; lastKnownFileType = sourcecode.swift; path = "206_反转链表.swift"; sourceTree = "<group>"; };
		BDE321A7246A3A0C00AA7A7B /* 141_环形链表.swift */ = {isa = PBXFileReference; lastKnownFileType = sourcecode.swift; path = "141_环形链表.swift"; sourceTree = "<group>"; };
		BDEFB9AD23CD73DC006D40DE /* 41_缺失的第一个正数.swift */ = {isa = PBXFileReference; fileEncoding = 4; lastKnownFileType = sourcecode.swift; path = "41_缺失的第一个正数.swift"; sourceTree = "<group>"; };
		BDF7782B246580870038C420 /* 81_搜索旋转排序数组2.swift */ = {isa = PBXFileReference; lastKnownFileType = sourcecode.swift; path = "81_搜索旋转排序数组2.swift"; sourceTree = "<group>"; };
		BDF7782D2465860D0038C420 /* 153_搜索旋转排序数组中的最小值.swift */ = {isa = PBXFileReference; lastKnownFileType = sourcecode.swift; path = "153_搜索旋转排序数组中的最小值.swift"; sourceTree = "<group>"; };
		BDF7EFC8249B8AE300E03D0A /* 287_寻找重复数.swift */ = {isa = PBXFileReference; lastKnownFileType = sourcecode.swift; path = "287_寻找重复数.swift"; sourceTree = "<group>"; };
		BDF7EFCA249B9BA900E03D0A /* 56_合并区间.swift */ = {isa = PBXFileReference; lastKnownFileType = sourcecode.swift; path = "56_合并区间.swift"; sourceTree = "<group>"; };
		BDF97C9E24894E2B001E9F08 /* Tree.swift */ = {isa = PBXFileReference; lastKnownFileType = sourcecode.swift; path = Tree.swift; sourceTree = "<group>"; };
		BDF97CA0248A6133001E9F08 /* 16_最接近的三数之和.swift */ = {isa = PBXFileReference; lastKnownFileType = sourcecode.swift; path = "16_最接近的三数之和.swift"; sourceTree = "<group>"; };
		BDF97CA4248A61EE001E9F08 /* 53_最大子序和.swift */ = {isa = PBXFileReference; lastKnownFileType = sourcecode.swift; path = "53_最大子序和.swift"; sourceTree = "<group>"; };
/* End PBXFileReference section */

/* Begin PBXFrameworksBuildPhase section */
		BD48AE9C23BE51360023D694 /* Frameworks */ = {
			isa = PBXFrameworksBuildPhase;
			buildActionMask = 2147483647;
			files = (
			);
			runOnlyForDeploymentPostprocessing = 0;
		};
/* End PBXFrameworksBuildPhase section */

/* Begin PBXGroup section */
		BD3A467C23C8EE0900C4575D /* Array */ = {
			isa = PBXGroup;
			children = (
				BD3A468E23C8EFED00C4575D /* 27_移除元素.swift */,
				BD3A469023CA1E0A00C4575D /* 26_删除排序数组中的重复项.swift */,
				BDEFB9AD23CD73DC006D40DE /* 41_缺失的第一个正数.swift */,
				BD3A469223CA26C600C4575D /* 80_删除排序数组中的重复项2.swift */,
				BD3A469423CA2A5000C4575D /* 189_旋转数组.swift */,
				BD14DA0823CEFE5A006B0295 /* 277_搜寻名人.swift */,
				BD14DA0A23CEFE93006B0295 /* 299_猜数字游戏.swift */,
				BD14DA0F23D088E5006B0295 /* 134_加油站.swift */,
				BD676E4B23D6988E004DC147 /* 118_杨辉三角.swift */,
				BD44239923D6A85200D9754B /* 119_杨辉三角2.swift */,
				BDF97CA0248A6133001E9F08 /* 16_最接近的三数之和.swift */,
				BDF97CA4248A61EE001E9F08 /* 53_最大子序和.swift */,
				394EC205249921C700AA2D47 /* 55_跳跃游戏.swift */,
				BDF7EFC8249B8AE300E03D0A /* 287_寻找重复数.swift */,
				BDF7EFCA249B9BA900E03D0A /* 56_合并区间.swift */,
				BD0AF15B24AE3DD4001A659E /* 605_种花问题.swift */,
			);
			path = Array;
			sourceTree = "<group>";
		};
		BD3A467F23C8EE8700C4575D /* Tree */ = {
			isa = PBXGroup;
			children = (
				BD3FE4C7247BB18B0011DA43 /* 144_二叉树的前序遍历.swift */,
				BD3FE4C9247BB1CF0011DA43 /* 94_二叉树的中序遍历.swift */,
				BD3FE4CB247BB1FF0011DA43 /* 145_二叉树的后序遍历.swift */,
				BD3FE4CD247BD0670011DA43 /* 102_二叉树的层序遍历.swift */,
				BD03484B2484A54E00FC3711 /* 100_相同的树.swift */,
				BD03484D2484D16800FC3711 /* 101_对称二叉树.swift */,
				BD03484F2484D92100FC3711 /* 226_翻转二叉树.swift */,
				BD0348512484D94000FC3711 /* 257_二叉树的所有路径.swift */,
				BD0348532484D96300FC3711 /* 112_路径总和.swift */,
				BD0348552484D98200FC3711 /* 113_路径总和II.swift */,
				BDF97C9E24894E2B001E9F08 /* Tree.swift */,
			);
			path = Tree;
			sourceTree = "<group>";
		};
		BD3A468223C8EEA300C4575D /* LinkedList */ = {
			isa = PBXGroup;
			children = (
				BD3FE4A424753F420011DA43 /* 92_反转链表2.swift */,
				BDE321A52469744100AA7A7B /* 206_反转链表.swift */,
				BDE321A7246A3A0C00AA7A7B /* 141_环形链表.swift */,
				BD4F04A4246ACEFA002D6929 /* 24_两两交换链表中的节点.swift */,
				BD6F81EF2475394A005AF4F4 /* 328_奇偶链表.swift */,
			);
			path = LinkedList;
			sourceTree = "<group>";
		};
		BD3A468323C8EEAB00C4575D /* BinarySearch */ = {
			isa = PBXGroup;
			children = (
				BDADE4B4246447B30041BE4A /* 35_搜索插入装置.swift */,
				BD95758A24643C80000B4BFB /* 278_第一个错误的版本.swift */,
				BDADE4B62465098A0041BE4A /* 33_搜索旋转数组.swift */,
				BDF7782B246580870038C420 /* 81_搜索旋转排序数组2.swift */,
				BDF7782D2465860D0038C420 /* 153_搜索旋转排序数组中的最小值.swift */,
			);
			path = BinarySearch;
			sourceTree = "<group>";
		};
		BD48AE9623BE51360023D694 = {
			isa = PBXGroup;
			children = (
				BD48AEA123BE51360023D694 /* algorithm.swift */,
				BD48AEA023BE51360023D694 /* Products */,
			);
			sourceTree = "<group>";
		};
		BD48AEA023BE51360023D694 /* Products */ = {
			isa = PBXGroup;
			children = (
				BD48AE9F23BE51360023D694 /* algorithm.swift */,
			);
			name = Products;
			sourceTree = "<group>";
		};
		BD48AEA123BE51360023D694 /* algorithm.swift */ = {
			isa = PBXGroup;
			children = (
				BDA11AD624B4500D00204E19 /* hot-100 */,
				BD3A467C23C8EE0900C4575D /* Array */,
				BD3A467F23C8EE8700C4575D /* Tree */,
				BD3A468223C8EEA300C4575D /* LinkedList */,
				BD3A468323C8EEAB00C4575D /* BinarySearch */,
				BD48AEA223BE51360023D694 /* main.swift */,
				BD48AEA923BE51C80023D694 /* 编码技巧.md */,
				BD9D812B23C4E27100338420 /* 01_两数之和.swift */,
				BD9D812D23C4E7FA00338420 /* 02_两数相加.swift */,
				BD3A467823C62ACD00C4575D /* 03_无重复字符的最长字串.swift */,
				BD3A467A23C7902E00C4575D /* 05_最长回文子串.swift */,
			);
			path = algorithm.swift;
			sourceTree = "<group>";
		};
		BDA11AD624B4500D00204E19 /* hot-100 */ = {
			isa = PBXGroup;
			children = (
				BDA11AD724B4502700204E19 /* 198_打家劫舍.swift */,
				BDA11ADB24B45ABF00204E19 /* 300_最长上升子序列.swift */,
				BDA11ADF24B6C0DB00204E19 /* 70_爬楼梯.swift */,
				BDA11AE124B6F1FE00204E19 /* 64_最小路径和.swift */,
				BD0AF16124C9E61C001A659E /* 139_单词拆分.swift */,
				BD0AF16324C9F4B2001A659E /* 215_数组中的第K个最大元素.swift */,
			);
			path = "hot-100";
			sourceTree = "<group>";
		};
/* End PBXGroup section */

/* Begin PBXNativeTarget section */
		BD48AE9E23BE51360023D694 /* algorithm.swift */ = {
			isa = PBXNativeTarget;
			buildConfigurationList = BD48AEA623BE51360023D694 /* Build configuration list for PBXNativeTarget "algorithm.swift" */;
			buildPhases = (
				BD48AE9B23BE51360023D694 /* Sources */,
				BD48AE9C23BE51360023D694 /* Frameworks */,
				BD48AE9D23BE51360023D694 /* CopyFiles */,
			);
			buildRules = (
			);
			dependencies = (
			);
			name = algorithm.swift;
			productName = algorithm.swift;
			productReference = BD48AE9F23BE51360023D694 /* algorithm.swift */;
			productType = "com.apple.product-type.tool";
		};
/* End PBXNativeTarget section */

/* Begin PBXProject section */
		BD48AE9723BE51360023D694 /* Project object */ = {
			isa = PBXProject;
			attributes = {
				LastSwiftUpdateCheck = 1130;
				LastUpgradeCheck = 1130;
				ORGANIZATIONNAME = yaoning;
				TargetAttributes = {
					BD48AE9E23BE51360023D694 = {
						CreatedOnToolsVersion = 11.3;
					};
				};
			};
			buildConfigurationList = BD48AE9A23BE51360023D694 /* Build configuration list for PBXProject "algorithm.swift" */;
			compatibilityVersion = "Xcode 9.3";
			developmentRegion = en;
			hasScannedForEncodings = 0;
			knownRegions = (
				en,
				Base,
			);
			mainGroup = BD48AE9623BE51360023D694;
			productRefGroup = BD48AEA023BE51360023D694 /* Products */;
			projectDirPath = "";
			projectRoot = "";
			targets = (
				BD48AE9E23BE51360023D694 /* algorithm.swift */,
			);
		};
/* End PBXProject section */

/* Begin PBXSourcesBuildPhase section */
		BD48AE9B23BE51360023D694 /* Sources */ = {
			isa = PBXSourcesBuildPhase;
			buildActionMask = 2147483647;
			files = (
				BDF97C9F24894E2B001E9F08 /* Tree.swift in Sources */,
				BD6F81F02475394A005AF4F4 /* 328_奇偶链表.swift in Sources */,
				BD0348542484D96300FC3711 /* 112_路径总和.swift in Sources */,
				BD95758B24643C80000B4BFB /* 278_第一个错误的版本.swift in Sources */,
				BD48AEA323BE51360023D694 /* main.swift in Sources */,
				BD3FE4A524753F420011DA43 /* 92_反转链表2.swift in Sources */,
				BD0AF16224C9E61C001A659E /* 139_单词拆分.swift in Sources */,
				BD0AF16424C9F4B2001A659E /* 215_数组中的第K个最大元素.swift in Sources */,
				394EC206249921C700AA2D47 /* 55_跳跃游戏.swift in Sources */,
				BDA11AD824B4502700204E19 /* 198_打家劫舍.swift in Sources */,
				BD9D812E23C4E7FA00338420 /* 02_两数相加.swift in Sources */,
				BDF7782C246580870038C420 /* 81_搜索旋转排序数组2.swift in Sources */,
				BDA11AE024B6C0DB00204E19 /* 70_爬楼梯.swift in Sources */,
				BD3A469123CA1E0A00C4575D /* 26_删除排序数组中的重复项.swift in Sources */,
				BD3A469323CA26C600C4575D /* 80_删除排序数组中的重复项2.swift in Sources */,
				BD3FE4CC247BB1FF0011DA43 /* 145_二叉树的后序遍历.swift in Sources */,
				BD03484C2484A54E00FC3711 /* 100_相同的树.swift in Sources */,
				BD0348562484D98200FC3711 /* 113_路径总和II.swift in Sources */,
				BDF7EFC9249B8AE300E03D0A /* 287_寻找重复数.swift in Sources */,
				BD03484E2484D16800FC3711 /* 101_对称二叉树.swift in Sources */,
				BD3A467B23C7902E00C4575D /* 05_最长回文子串.swift in Sources */,
				BD0348502484D92100FC3711 /* 226_翻转二叉树.swift in Sources */,
				BD9D812C23C4E27100338420 /* 01_两数之和.swift in Sources */,
				BDA11ADC24B45ABF00204E19 /* 300_最长上升子序列.swift in Sources */,
				BDA11AE224B6F1FE00204E19 /* 64_最小路径和.swift in Sources */,
				BD3A468F23C8EFED00C4575D /* 27_移除元素.swift in Sources */,
				BD14DA0B23CEFE93006B0295 /* 299_猜数字游戏.swift in Sources */,
				BD14DA0923CEFE5B006B0295 /* 277_搜寻名人.swift in Sources */,
				BD0AF15C24AE3DD4001A659E /* 605_种花问题.swift in Sources */,
				BDF7EFCB249B9BA900E03D0A /* 56_合并区间.swift in Sources */,
				BDE321A62469744100AA7A7B /* 206_反转链表.swift in Sources */,
				BD0348522484D94000FC3711 /* 257_二叉树的所有路径.swift in Sources */,
				BDADE4B72465098A0041BE4A /* 33_搜索旋转数组.swift in Sources */,
				BDF97CA5248A61EE001E9F08 /* 53_最大子序和.swift in Sources */,
				BDE321A8246A3A0C00AA7A7B /* 141_环形链表.swift in Sources */,
				BD3FE4CE247BD0670011DA43 /* 102_二叉树的层序遍历.swift in Sources */,
				BD3A469523CA2A5000C4575D /* 189_旋转数组.swift in Sources */,
				BD14DA1023D088E5006B0295 /* 134_加油站.swift in Sources */,
				BD3FE4C8247BB18B0011DA43 /* 144_二叉树的前序遍历.swift in Sources */,
				BDEFB9AE23CD73DC006D40DE /* 41_缺失的第一个正数.swift in Sources */,
				BD44239A23D6A85200D9754B /* 119_杨辉三角2.swift in Sources */,
				BDF7782E2465860D0038C420 /* 153_搜索旋转排序数组中的最小值.swift in Sources */,
				BDF97CA1248A6133001E9F08 /* 16_最接近的三数之和.swift in Sources */,
				BD3FE4CA247BB1CF0011DA43 /* 94_二叉树的中序遍历.swift in Sources */,
				BDADE4B5246447B30041BE4A /* 35_搜索插入装置.swift in Sources */,
				BD676E4C23D6988E004DC147 /* 118_杨辉三角.swift in Sources */,
				BD3A467923C62ACD00C4575D /* 03_无重复字符的最长字串.swift in Sources */,
				BD4F04A5246ACEFA002D6929 /* 24_两两交换链表中的节点.swift in Sources */,
			);
			runOnlyForDeploymentPostprocessing = 0;
		};
/* End PBXSourcesBuildPhase section */

/* Begin XCBuildConfiguration section */
		BD48AEA423BE51360023D694 /* Debug */ = {
			isa = XCBuildConfiguration;
			buildSettings = {
				ALWAYS_SEARCH_USER_PATHS = NO;
				CLANG_ANALYZER_NONNULL = YES;
				CLANG_ANALYZER_NUMBER_OBJECT_CONVERSION = YES_AGGRESSIVE;
				CLANG_CXX_LANGUAGE_STANDARD = "gnu++14";
				CLANG_CXX_LIBRARY = "libc++";
				CLANG_ENABLE_MODULES = YES;
				CLANG_ENABLE_OBJC_ARC = YES;
				CLANG_ENABLE_OBJC_WEAK = YES;
				CLANG_WARN_BLOCK_CAPTURE_AUTORELEASING = YES;
				CLANG_WARN_BOOL_CONVERSION = YES;
				CLANG_WARN_COMMA = YES;
				CLANG_WARN_CONSTANT_CONVERSION = YES;
				CLANG_WARN_DEPRECATED_OBJC_IMPLEMENTATIONS = YES;
				CLANG_WARN_DIRECT_OBJC_ISA_USAGE = YES_ERROR;
				CLANG_WARN_DOCUMENTATION_COMMENTS = YES;
				CLANG_WARN_EMPTY_BODY = YES;
				CLANG_WARN_ENUM_CONVERSION = YES;
				CLANG_WARN_INFINITE_RECURSION = YES;
				CLANG_WARN_INT_CONVERSION = YES;
				CLANG_WARN_NON_LITERAL_NULL_CONVERSION = YES;
				CLANG_WARN_OBJC_IMPLICIT_RETAIN_SELF = YES;
				CLANG_WARN_OBJC_LITERAL_CONVERSION = YES;
				CLANG_WARN_OBJC_ROOT_CLASS = YES_ERROR;
				CLANG_WARN_RANGE_LOOP_ANALYSIS = YES;
				CLANG_WARN_STRICT_PROTOTYPES = YES;
				CLANG_WARN_SUSPICIOUS_MOVE = YES;
				CLANG_WARN_UNGUARDED_AVAILABILITY = YES_AGGRESSIVE;
				CLANG_WARN_UNREACHABLE_CODE = YES;
				CLANG_WARN__DUPLICATE_METHOD_MATCH = YES;
				COPY_PHASE_STRIP = NO;
				DEBUG_INFORMATION_FORMAT = dwarf;
				ENABLE_STRICT_OBJC_MSGSEND = YES;
				ENABLE_TESTABILITY = YES;
				GCC_C_LANGUAGE_STANDARD = gnu11;
				GCC_DYNAMIC_NO_PIC = NO;
				GCC_NO_COMMON_BLOCKS = YES;
				GCC_OPTIMIZATION_LEVEL = 0;
				GCC_PREPROCESSOR_DEFINITIONS = (
					"DEBUG=1",
					"$(inherited)",
				);
				GCC_WARN_64_TO_32_BIT_CONVERSION = YES;
				GCC_WARN_ABOUT_RETURN_TYPE = YES_ERROR;
				GCC_WARN_UNDECLARED_SELECTOR = YES;
				GCC_WARN_UNINITIALIZED_AUTOS = YES_AGGRESSIVE;
				GCC_WARN_UNUSED_FUNCTION = YES;
				GCC_WARN_UNUSED_VARIABLE = YES;
				MACOSX_DEPLOYMENT_TARGET = 10.15;
				MTL_ENABLE_DEBUG_INFO = INCLUDE_SOURCE;
				MTL_FAST_MATH = YES;
				ONLY_ACTIVE_ARCH = YES;
				SDKROOT = macosx;
				SWIFT_ACTIVE_COMPILATION_CONDITIONS = DEBUG;
				SWIFT_OPTIMIZATION_LEVEL = "-Onone";
			};
			name = Debug;
		};
		BD48AEA523BE51360023D694 /* Release */ = {
			isa = XCBuildConfiguration;
			buildSettings = {
				ALWAYS_SEARCH_USER_PATHS = NO;
				CLANG_ANALYZER_NONNULL = YES;
				CLANG_ANALYZER_NUMBER_OBJECT_CONVERSION = YES_AGGRESSIVE;
				CLANG_CXX_LANGUAGE_STANDARD = "gnu++14";
				CLANG_CXX_LIBRARY = "libc++";
				CLANG_ENABLE_MODULES = YES;
				CLANG_ENABLE_OBJC_ARC = YES;
				CLANG_ENABLE_OBJC_WEAK = YES;
				CLANG_WARN_BLOCK_CAPTURE_AUTORELEASING = YES;
				CLANG_WARN_BOOL_CONVERSION = YES;
				CLANG_WARN_COMMA = YES;
				CLANG_WARN_CONSTANT_CONVERSION = YES;
				CLANG_WARN_DEPRECATED_OBJC_IMPLEMENTATIONS = YES;
				CLANG_WARN_DIRECT_OBJC_ISA_USAGE = YES_ERROR;
				CLANG_WARN_DOCUMENTATION_COMMENTS = YES;
				CLANG_WARN_EMPTY_BODY = YES;
				CLANG_WARN_ENUM_CONVERSION = YES;
				CLANG_WARN_INFINITE_RECURSION = YES;
				CLANG_WARN_INT_CONVERSION = YES;
				CLANG_WARN_NON_LITERAL_NULL_CONVERSION = YES;
				CLANG_WARN_OBJC_IMPLICIT_RETAIN_SELF = YES;
				CLANG_WARN_OBJC_LITERAL_CONVERSION = YES;
				CLANG_WARN_OBJC_ROOT_CLASS = YES_ERROR;
				CLANG_WARN_RANGE_LOOP_ANALYSIS = YES;
				CLANG_WARN_STRICT_PROTOTYPES = YES;
				CLANG_WARN_SUSPICIOUS_MOVE = YES;
				CLANG_WARN_UNGUARDED_AVAILABILITY = YES_AGGRESSIVE;
				CLANG_WARN_UNREACHABLE_CODE = YES;
				CLANG_WARN__DUPLICATE_METHOD_MATCH = YES;
				COPY_PHASE_STRIP = NO;
				DEBUG_INFORMATION_FORMAT = "dwarf-with-dsym";
				ENABLE_NS_ASSERTIONS = NO;
				ENABLE_STRICT_OBJC_MSGSEND = YES;
				GCC_C_LANGUAGE_STANDARD = gnu11;
				GCC_NO_COMMON_BLOCKS = YES;
				GCC_WARN_64_TO_32_BIT_CONVERSION = YES;
				GCC_WARN_ABOUT_RETURN_TYPE = YES_ERROR;
				GCC_WARN_UNDECLARED_SELECTOR = YES;
				GCC_WARN_UNINITIALIZED_AUTOS = YES_AGGRESSIVE;
				GCC_WARN_UNUSED_FUNCTION = YES;
				GCC_WARN_UNUSED_VARIABLE = YES;
				MACOSX_DEPLOYMENT_TARGET = 10.15;
				MTL_ENABLE_DEBUG_INFO = NO;
				MTL_FAST_MATH = YES;
				SDKROOT = macosx;
				SWIFT_COMPILATION_MODE = wholemodule;
				SWIFT_OPTIMIZATION_LEVEL = "-O";
			};
			name = Release;
		};
		BD48AEA723BE51360023D694 /* Debug */ = {
			isa = XCBuildConfiguration;
			buildSettings = {
				CODE_SIGN_STYLE = Automatic;
				MACOSX_DEPLOYMENT_TARGET = 10.14;
				PRODUCT_NAME = "$(TARGET_NAME)";
				SWIFT_VERSION = 5.0;
			};
			name = Debug;
		};
		BD48AEA823BE51360023D694 /* Release */ = {
			isa = XCBuildConfiguration;
			buildSettings = {
				CODE_SIGN_STYLE = Automatic;
				MACOSX_DEPLOYMENT_TARGET = 10.14;
				PRODUCT_NAME = "$(TARGET_NAME)";
				SWIFT_VERSION = 5.0;
			};
			name = Release;
		};
/* End XCBuildConfiguration section */

/* Begin XCConfigurationList section */
		BD48AE9A23BE51360023D694 /* Build configuration list for PBXProject "algorithm.swift" */ = {
			isa = XCConfigurationList;
			buildConfigurations = (
				BD48AEA423BE51360023D694 /* Debug */,
				BD48AEA523BE51360023D694 /* Release */,
			);
			defaultConfigurationIsVisible = 0;
			defaultConfigurationName = Release;
		};
		BD48AEA623BE51360023D694 /* Build configuration list for PBXNativeTarget "algorithm.swift" */ = {
			isa = XCConfigurationList;
			buildConfigurations = (
				BD48AEA723BE51360023D694 /* Debug */,
				BD48AEA823BE51360023D694 /* Release */,
			);
			defaultConfigurationIsVisible = 0;
			defaultConfigurationName = Release;
		};
/* End XCConfigurationList section */
	};
	rootObject = BD48AE9723BE51360023D694 /* Project object */;
}
